
Microsoft Visual Studio Solution File, Format Version 12.00
# Visual Studio Version 17
VisualStudioVersion = 17.13.35828.75 d17.13
MinimumVisualStudioVersion = 10.0.40219.1
Project("{FAE04EC0-301F-11D3-BF4B-00C04F79EFBC}") = "031225", "031225\031225.csproj", "{87E8EEE6-D7CC-4786-9CA0-54DDB46F09C0}"
EndProject
Global
	GlobalSection(SolutionConfigurationPlatforms) = preSolution
		Debug|Any CPU = Debug|Any CPU
		Release|Any CPU = Release|Any CPU
	EndGlobalSection
	GlobalSection(ProjectConfigurationPlatforms) = postSolution
		{87E8EEE6-D7CC-4786-9CA0-54DDB46F09C0}.Debug|Any CPU.ActiveCfg = Debug|Any CPU
		{87E8EEE6-D7CC-4786-9CA0-54DDB46F09C0}.Debug|Any CPU.Build.0 = Debug|Any CPU
		{87E8EEE6-D7CC-4786-9CA0-54DDB46F09C0}.Release|Any CPU.ActiveCfg = Release|Any CPU
		{87E8EEE6-D7CC-4786-9CA0-54DDB46F09C0}.Release|Any CPU.Build.0 = Release|Any CPU
	EndGlobalSection
	GlobalSection(SolutionProperties) = preSolution
		HideSolutionNode = FALSE
	EndGlobalSection
	GlobalSection(ExtensibilityGlobals) = postSolution
		SolutionGuid = {8B3CD92C-6E96-4449-8EC1-8FC025309997}
	EndGlobalSection
EndGlobal
