
Microsoft Visual Studio Solution File, Format Version 12.00
# Visual Studio Version 17
VisualStudioVersion = 17.13.35828.75 d17.13
MinimumVisualStudioVersion = 10.0.40219.1
Project("{FAE04EC0-301F-11D3-BF4B-00C04F79EFBC}") = "test_array", "test_array\test_array.csproj", "{C29CE03C-5628-4452-AECB-47AB866A6D55}"
EndProject
Global
	GlobalSection(SolutionConfigurationPlatforms) = preSolution
		Debug|Any CPU = Debug|Any CPU
		Release|Any CPU = Release|Any CPU
	EndGlobalSection
	GlobalSection(ProjectConfigurationPlatforms) = postSolution
		{C29CE03C-5628-4452-AECB-47AB866A6D55}.Debug|Any CPU.ActiveCfg = Debug|Any CPU
		{C29CE03C-5628-4452-AECB-47AB866A6D55}.Debug|Any CPU.Build.0 = Debug|Any CPU
		{C29CE03C-5628-4452-AECB-47AB866A6D55}.Release|Any CPU.ActiveCfg = Release|Any CPU
		{C29CE03C-5628-4452-AECB-47AB866A6D55}.Release|Any CPU.Build.0 = Release|Any CPU
	EndGlobalSection
	GlobalSection(SolutionProperties) = preSolution
		HideSolutionNode = FALSE
	EndGlobalSection
	GlobalSection(ExtensibilityGlobals) = postSolution
		SolutionGuid = {6CDDBAE5-B28B-4057-995E-93407AE38F26}
	EndGlobalSection
EndGlobal
