
Microsoft Visual Studio Solution File, Format Version 12.00
# Visual Studio Version 17
VisualStudioVersion = 17.14.36616.10 d17.14
MinimumVisualStudioVersion = 10.0.40219.1
Project("{FAE04EC0-301F-11D3-BF4B-00C04F79EFBC}") = "LR2_V7_Gavrish_M", "LR2_V7_Gavrish_M\LR2_V7_Gavrish_M.csproj", "{D50720E8-AB02-4C1A-B1CE-52D94E21C4AD}"
EndProject
Global
	GlobalSection(SolutionConfigurationPlatforms) = preSolution
		Debug|Any CPU = Debug|Any CPU
		Release|Any CPU = Release|Any CPU
	EndGlobalSection
	GlobalSection(ProjectConfigurationPlatforms) = postSolution
		{D50720E8-AB02-4C1A-B1CE-52D94E21C4AD}.Debug|Any CPU.ActiveCfg = Debug|Any CPU
		{D50720E8-AB02-4C1A-B1CE-52D94E21C4AD}.Debug|Any CPU.Build.0 = Debug|Any CPU
		{D50720E8-AB02-4C1A-B1CE-52D94E21C4AD}.Release|Any CPU.ActiveCfg = Release|Any CPU
		{D50720E8-AB02-4C1A-B1CE-52D94E21C4AD}.Release|Any CPU.Build.0 = Release|Any CPU
	EndGlobalSection
	GlobalSection(SolutionProperties) = preSolution
		HideSolutionNode = FALSE
	EndGlobalSection
	GlobalSection(ExtensibilityGlobals) = postSolution
		SolutionGuid = {AB005302-8A12-4751-9760-4BD8AC98115D}
	EndGlobalSection
EndGlobal
