
Microsoft Visual Studio Solution File, Format Version 12.00
# Visual Studio Version 17
VisualStudioVersion = 17.13.35818.85 d17.13
MinimumVisualStudioVersion = 10.0.40219.1
Project("{FAE04EC0-301F-11D3-BF4B-00C04F79EFBC}") = "TestModule", "TestModule.csproj", "{C9363171-CF81-4A2E-B8FC-61E07FD31657}"
EndProject
Project("{FAE04EC0-301F-11D3-BF4B-00C04F79EFBC}") = "TestClassLibrary", "..\TestClassLibrary\TestClassLibrary.csproj", "{B939D000-D742-4B37-8128-B43779C153FB}"
EndProject
Global
	GlobalSection(SolutionConfigurationPlatforms) = preSolution
		Debug|Any CPU = Debug|Any CPU
		Release|Any CPU = Release|Any CPU
	EndGlobalSection
	GlobalSection(ProjectConfigurationPlatforms) = postSolution
		{C9363171-CF81-4A2E-B8FC-61E07FD31657}.Debug|Any CPU.ActiveCfg = Debug|Any CPU
		{C9363171-CF81-4A2E-B8FC-61E07FD31657}.Debug|Any CPU.Build.0 = Debug|Any CPU
		{C9363171-CF81-4A2E-B8FC-61E07FD31657}.Release|Any CPU.ActiveCfg = Release|Any CPU
		{C9363171-CF81-4A2E-B8FC-61E07FD31657}.Release|Any CPU.Build.0 = Release|Any CPU
		{B939D000-D742-4B37-8128-B43779C153FB}.Debug|Any CPU.ActiveCfg = Debug|Any CPU
		{B939D000-D742-4B37-8128-B43779C153FB}.Debug|Any CPU.Build.0 = Debug|Any CPU
		{B939D000-D742-4B37-8128-B43779C153FB}.Release|Any CPU.ActiveCfg = Release|Any CPU
		{B939D000-D742-4B37-8128-B43779C153FB}.Release|Any CPU.Build.0 = Release|Any CPU
	EndGlobalSection
	GlobalSection(SolutionProperties) = preSolution
		HideSolutionNode = FALSE
	EndGlobalSection
	GlobalSection(ExtensibilityGlobals) = postSolution
		SolutionGuid = {52242B2C-A8F1-4F9B-BA9D-E11411E99F4D}
	EndGlobalSection
EndGlobal
